
Microsoft Visual Studio Solution File, Format Version 12.00
# Visual Studio Version 17
VisualStudioVersion = 17.3.32929.385
MinimumVisualStudioVersion = 10.0.40219.1
Project("{FAE04EC0-301F-11D3-BF4B-00C04F79EFBC}") = "2D3D", "2D3D\2D3D.csproj", "{2C398FD7-5331-4A83-B278-C4B9F003FA9F}"
EndProject
Global
	GlobalSection(SolutionConfigurationPlatforms) = preSolution
		Debug|Any CPU = Debug|Any CPU
		Release|Any CPU = Release|Any CPU
	EndGlobalSection
	GlobalSection(ProjectConfigurationPlatforms) = postSolution
		{2C398FD7-5331-4A83-B278-C4B9F003FA9F}.Debug|Any CPU.ActiveCfg = Debug|Any CPU
		{2C398FD7-5331-4A83-B278-C4B9F003FA9F}.Debug|Any CPU.Build.0 = Debug|Any CPU
		{2C398FD7-5331-4A83-B278-C4B9F003FA9F}.Release|Any CPU.ActiveCfg = Release|Any CPU
		{2C398FD7-5331-4A83-B278-C4B9F003FA9F}.Release|Any CPU.Build.0 = Release|Any CPU
	EndGlobalSection
	GlobalSection(SolutionProperties) = preSolution
		HideSolutionNode = FALSE
	EndGlobalSection
	GlobalSection(ExtensibilityGlobals) = postSolution
		SolutionGuid = {6073296A-FD8E-4B99-998D-241FAC1A6593}
	EndGlobalSection
EndGlobal
