
Microsoft Visual Studio Solution File, Format Version 12.00
# Visual Studio Version 17
VisualStudioVersion = 17.3.32929.385
MinimumVisualStudioVersion = 10.0.40219.1
Project("{2150E333-8FDC-42A3-9474-1A3956D46DE8}") = ".paket", ".paket", "{0EFED873-22E1-4D69-9D03-D0040EE044CE}"
	ProjectSection(SolutionItems) = preProject
		paket.dependencies = paket.dependencies
	EndProjectSection
EndProject
Project("{9A19103F-16F7-4668-BE54-9A1E7A4F7556}") = "From2DTo3D", "2D3D\From2DTo3D.csproj", "{0A120AC3-8B6C-4537-BF69-CA61A3A583EA}"
EndProject
Global
	GlobalSection(SolutionConfigurationPlatforms) = preSolution
		Debug|Any CPU = Debug|Any CPU
		Release|Any CPU = Release|Any CPU
	EndGlobalSection
	GlobalSection(ProjectConfigurationPlatforms) = postSolution
		{0A120AC3-8B6C-4537-BF69-CA61A3A583EA}.Debug|Any CPU.ActiveCfg = Debug|Any CPU
		{0A120AC3-8B6C-4537-BF69-CA61A3A583EA}.Debug|Any CPU.Build.0 = Debug|Any CPU
		{0A120AC3-8B6C-4537-BF69-CA61A3A583EA}.Release|Any CPU.ActiveCfg = Release|Any CPU
		{0A120AC3-8B6C-4537-BF69-CA61A3A583EA}.Release|Any CPU.Build.0 = Release|Any CPU
	EndGlobalSection
	GlobalSection(SolutionProperties) = preSolution
		HideSolutionNode = FALSE
	EndGlobalSection
	GlobalSection(ExtensibilityGlobals) = postSolution
		SolutionGuid = {6073296A-FD8E-4B99-998D-241FAC1A6593}
	EndGlobalSection
EndGlobal
