
Microsoft Visual Studio Solution File, Format Version 12.00
# Visual Studio Version 17
VisualStudioVersion = 17.3.32929.385
MinimumVisualStudioVersion = 10.0.40219.1
Project("{9A19103F-16F7-4668-BE54-9A1E7A4F7556}") = "DarkNetImplementation", "DarkNetImplementation\DarkNetImplementation.csproj", "{05AD5E5E-3653-430B-A415-0704DC8311AB}"
EndProject
Project("{D954291E-2A0B-460D-934E-DC6B0785DB48}") = "Emgu.CV.Runtime.Windows", "DarkNetImplementation\References\EmguCV\Emgu.CV.Runtime\Windows\Emgu.CV.Runtime.Windows.shproj", "{ADC3C8E5-EBCD-4D3C-B3A4-20CFE0E42FC1}"
EndProject
Global
	GlobalSection(SolutionConfigurationPlatforms) = preSolution
		Debug|Any CPU = Debug|Any CPU
		Debug|x64 = Debug|x64
		Release|Any CPU = Release|Any CPU
		Release|x64 = Release|x64
	EndGlobalSection
	GlobalSection(ProjectConfigurationPlatforms) = postSolution
		{05AD5E5E-3653-430B-A415-0704DC8311AB}.Debug|Any CPU.ActiveCfg = Debug|Any CPU
		{05AD5E5E-3653-430B-A415-0704DC8311AB}.Debug|Any CPU.Build.0 = Debug|Any CPU
		{05AD5E5E-3653-430B-A415-0704DC8311AB}.Debug|x64.ActiveCfg = Debug|x64
		{05AD5E5E-3653-430B-A415-0704DC8311AB}.Debug|x64.Build.0 = Debug|x64
		{05AD5E5E-3653-430B-A415-0704DC8311AB}.Release|Any CPU.ActiveCfg = Release|Any CPU
		{05AD5E5E-3653-430B-A415-0704DC8311AB}.Release|Any CPU.Build.0 = Release|Any CPU
		{05AD5E5E-3653-430B-A415-0704DC8311AB}.Release|x64.ActiveCfg = Release|x64
		{05AD5E5E-3653-430B-A415-0704DC8311AB}.Release|x64.Build.0 = Release|x64
	EndGlobalSection
	GlobalSection(SolutionProperties) = preSolution
		HideSolutionNode = FALSE
	EndGlobalSection
	GlobalSection(ExtensibilityGlobals) = postSolution
		SolutionGuid = {BC12D66A-759D-4782-8C67-1117495CDC70}
	EndGlobalSection
	GlobalSection(SharedMSBuildProjectFiles) = preSolution
		DarkNetImplementation\References\EmguCV\Emgu.CV.Runtime\Windows\Emgu.CV.Runtime.Windows.projitems*{05ad5e5e-3653-430b-a415-0704dc8311ab}*SharedItemsImports = 5
		DarkNetImplementation\References\EmguCV\Emgu.CV.Runtime\Windows\Emgu.CV.Runtime.Windows.projitems*{adc3c8e5-ebcd-4d3c-b3a4-20cfe0e42fc1}*SharedItemsImports = 13
	EndGlobalSection
EndGlobal
